// !$*UTF8*$!
{
	archiveVersion = 1;
	classes = {
	};
	objectVersion = 50;
	objects = {

/* Begin PBXBuildFile section */
		703F58D421A6B28100414610 /* LoginViewController.swift in Sources */ = {isa = PBXBuildFile; fileRef = 703F58D221A6B28100414610 /* LoginViewController.swift */; };
		703F58D521A6B28100414610 /* LoginViewController.xib in Resources */ = {isa = PBXBuildFile; fileRef = 703F58D321A6B28100414610 /* LoginViewController.xib */; };
		703F58D721A6B48C00414610 /* LoginRouter.swift in Sources */ = {isa = PBXBuildFile; fileRef = 703F58D621A6B48C00414610 /* LoginRouter.swift */; };
		703F58D921A6B4AA00414610 /* LoginProtocols.swift in Sources */ = {isa = PBXBuildFile; fileRef = 703F58D821A6B4AA00414610 /* LoginProtocols.swift */; };
		703F58DB21A6B7FD00414610 /* BaseViewController.swift in Sources */ = {isa = PBXBuildFile; fileRef = 703F58DA21A6B7FD00414610 /* BaseViewController.swift */; };
		703F58DD21A6B89600414610 /* LoginPresenter.swift in Sources */ = {isa = PBXBuildFile; fileRef = 703F58DC21A6B89600414610 /* LoginPresenter.swift */; };
		703F58DF21A6B96E00414610 /* LoginIterector.swift in Sources */ = {isa = PBXBuildFile; fileRef = 703F58DE21A6B96E00414610 /* LoginIterector.swift */; };
		70DC14C92099C2DA008AEF74 /* AppDelegate.swift in Sources */ = {isa = PBXBuildFile; fileRef = 70DC14C82099C2DA008AEF74 /* AppDelegate.swift */; };
		70DC14CB2099C2DA008AEF74 /* ViewController.swift in Sources */ = {isa = PBXBuildFile; fileRef = 70DC14CA2099C2DA008AEF74 /* ViewController.swift */; };
		70DC14CE2099C2DA008AEF74 /* Main.storyboard in Resources */ = {isa = PBXBuildFile; fileRef = 70DC14CC2099C2DA008AEF74 /* Main.storyboard */; };
		70DC14D02099C2DC008AEF74 /* Assets.xcassets in Resources */ = {isa = PBXBuildFile; fileRef = 70DC14CF2099C2DC008AEF74 /* Assets.xcassets */; };
		70DC14D32099C2DC008AEF74 /* LaunchScreen.storyboard in Resources */ = {isa = PBXBuildFile; fileRef = 70DC14D12099C2DC008AEF74 /* LaunchScreen.storyboard */; };
		70DC14DE2099C322008AEF74 /* APIRequest.swift in Sources */ = {isa = PBXBuildFile; fileRef = 70DC14DB2099C321008AEF74 /* APIRequest.swift */; };
		70DC14DF2099C322008AEF74 /* AuthRequest.swift in Sources */ = {isa = PBXBuildFile; fileRef = 70DC14DC2099C321008AEF74 /* AuthRequest.swift */; };
		70DC14E02099C322008AEF74 /* APIClient.swift in Sources */ = {isa = PBXBuildFile; fileRef = 70DC14DD2099C321008AEF74 /* APIClient.swift */; };
		70DC14E32099C40D008AEF74 /* Constants.swift in Sources */ = {isa = PBXBuildFile; fileRef = 70DC14E22099C40D008AEF74 /* Constants.swift */; };
		70DC14E82099C651008AEF74 /* Utils.swift in Sources */ = {isa = PBXBuildFile; fileRef = 70DC14E72099C650008AEF74 /* Utils.swift */; };
		70DC14EE2099C69B008AEF74 /* ServerResponse.swift in Sources */ = {isa = PBXBuildFile; fileRef = 70DC14EC2099C69B008AEF74 /* ServerResponse.swift */; };
		70DC14F32099C6E5008AEF74 /* CacheManager.swift in Sources */ = {isa = PBXBuildFile; fileRef = 70DC14F02099C6E2008AEF74 /* CacheManager.swift */; };
		70DC14F42099C6E5008AEF74 /* AuthManager.swift in Sources */ = {isa = PBXBuildFile; fileRef = 70DC14F22099C6E5008AEF74 /* AuthManager.swift */; };
		70DC15052099C730008AEF74 /* UITextFieldExtension.swift in Sources */ = {isa = PBXBuildFile; fileRef = 70DC14F52099C6FE008AEF74 /* UITextFieldExtension.swift */; };
		70DC15062099C730008AEF74 /* IntExtension.swift in Sources */ = {isa = PBXBuildFile; fileRef = 70DC14F62099C701008AEF74 /* IntExtension.swift */; };
		70DC15072099C730008AEF74 /* UILabelExtension.swift in Sources */ = {isa = PBXBuildFile; fileRef = 70DC14F72099C704008AEF74 /* UILabelExtension.swift */; };
		70DC15082099C730008AEF74 /* DispatchQueueExtension.swift in Sources */ = {isa = PBXBuildFile; fileRef = 70DC14F82099C708008AEF74 /* DispatchQueueExtension.swift */; };
		70DC150A2099C730008AEF74 /* NSTimeIntervalExtension.swift in Sources */ = {isa = PBXBuildFile; fileRef = 70DC14FA2099C70E008AEF74 /* NSTimeIntervalExtension.swift */; };
		70DC150B2099C730008AEF74 /* UIButtonExtension.swift in Sources */ = {isa = PBXBuildFile; fileRef = 70DC14FB2099C711008AEF74 /* UIButtonExtension.swift */; };
		70DC150C2099C730008AEF74 /* NibLoadableViewExtension.swift in Sources */ = {isa = PBXBuildFile; fileRef = 70DC14FC2099C714008AEF74 /* NibLoadableViewExtension.swift */; };
		70DC150D2099C730008AEF74 /* NSDateExtension.swift in Sources */ = {isa = PBXBuildFile; fileRef = 70DC14FD2099C718008AEF74 /* NSDateExtension.swift */; };
		70DC150E2099C730008AEF74 /* UIViewControllerExtension.swift in Sources */ = {isa = PBXBuildFile; fileRef = 70DC14FE2099C71B008AEF74 /* UIViewControllerExtension.swift */; };
		70DC150F2099C730008AEF74 /* UIColorExtension.swift in Sources */ = {isa = PBXBuildFile; fileRef = 70DC14FF2099C71E008AEF74 /* UIColorExtension.swift */; };
		70DC15102099C730008AEF74 /* StringExtension.swift in Sources */ = {isa = PBXBuildFile; fileRef = 70DC15002099C722008AEF74 /* StringExtension.swift */; };
		70DC15122099C730008AEF74 /* UITableViewExtension.swift in Sources */ = {isa = PBXBuildFile; fileRef = 70DC15022099C728008AEF74 /* UITableViewExtension.swift */; };
		70DC15132099C730008AEF74 /* UIViewExtension.swift in Sources */ = {isa = PBXBuildFile; fileRef = 70DC15032099C72C008AEF74 /* UIViewExtension.swift */; };
		70DC15142099C730008AEF74 /* UITextViewExtension.swift in Sources */ = {isa = PBXBuildFile; fileRef = 70DC15042099C730008AEF74 /* UITextViewExtension.swift */; };
/* End PBXBuildFile section */

/* Begin PBXFileReference section */
		703F58D221A6B28100414610 /* LoginViewController.swift */ = {isa = PBXFileReference; lastKnownFileType = sourcecode.swift; path = LoginViewController.swift; sourceTree = "<group>"; };
		703F58D321A6B28100414610 /* LoginViewController.xib */ = {isa = PBXFileReference; lastKnownFileType = file.xib; path = LoginViewController.xib; sourceTree = "<group>"; };
		703F58D621A6B48C00414610 /* LoginRouter.swift */ = {isa = PBXFileReference; lastKnownFileType = sourcecode.swift; path = LoginRouter.swift; sourceTree = "<group>"; };
		703F58D821A6B4AA00414610 /* LoginProtocols.swift */ = {isa = PBXFileReference; lastKnownFileType = sourcecode.swift; path = LoginProtocols.swift; sourceTree = "<group>"; };
		703F58DA21A6B7FD00414610 /* BaseViewController.swift */ = {isa = PBXFileReference; lastKnownFileType = sourcecode.swift; path = BaseViewController.swift; sourceTree = "<group>"; };
		703F58DC21A6B89600414610 /* LoginPresenter.swift */ = {isa = PBXFileReference; lastKnownFileType = sourcecode.swift; path = LoginPresenter.swift; sourceTree = "<group>"; };
		703F58DE21A6B96E00414610 /* LoginIterector.swift */ = {isa = PBXFileReference; lastKnownFileType = sourcecode.swift; path = LoginIterector.swift; sourceTree = "<group>"; };
		70DC14C52099C2DA008AEF74 /* TemplateWithoutAlamofire.app */ = {isa = PBXFileReference; explicitFileType = wrapper.application; includeInIndex = 0; path = TemplateWithoutAlamofire.app; sourceTree = BUILT_PRODUCTS_DIR; };
		70DC14C82099C2DA008AEF74 /* AppDelegate.swift */ = {isa = PBXFileReference; lastKnownFileType = sourcecode.swift; path = AppDelegate.swift; sourceTree = "<group>"; };
		70DC14CA2099C2DA008AEF74 /* ViewController.swift */ = {isa = PBXFileReference; lastKnownFileType = sourcecode.swift; path = ViewController.swift; sourceTree = "<group>"; };
		70DC14CD2099C2DA008AEF74 /* Base */ = {isa = PBXFileReference; lastKnownFileType = file.storyboard; name = Base; path = Base.lproj/Main.storyboard; sourceTree = "<group>"; };
		70DC14CF2099C2DC008AEF74 /* Assets.xcassets */ = {isa = PBXFileReference; lastKnownFileType = folder.assetcatalog; path = Assets.xcassets; sourceTree = "<group>"; };
		70DC14D22099C2DC008AEF74 /* Base */ = {isa = PBXFileReference; lastKnownFileType = file.storyboard; name = Base; path = Base.lproj/LaunchScreen.storyboard; sourceTree = "<group>"; };
		70DC14D42099C2DD008AEF74 /* Info.plist */ = {isa = PBXFileReference; lastKnownFileType = text.plist.xml; path = Info.plist; sourceTree = "<group>"; };
		70DC14DB2099C321008AEF74 /* APIRequest.swift */ = {isa = PBXFileReference; fileEncoding = 4; lastKnownFileType = sourcecode.swift; path = APIRequest.swift; sourceTree = "<group>"; };
		70DC14DC2099C321008AEF74 /* AuthRequest.swift */ = {isa = PBXFileReference; fileEncoding = 4; lastKnownFileType = sourcecode.swift; path = AuthRequest.swift; sourceTree = "<group>"; };
		70DC14DD2099C321008AEF74 /* APIClient.swift */ = {isa = PBXFileReference; fileEncoding = 4; lastKnownFileType = sourcecode.swift; path = APIClient.swift; sourceTree = "<group>"; };
		70DC14E22099C40D008AEF74 /* Constants.swift */ = {isa = PBXFileReference; fileEncoding = 4; lastKnownFileType = sourcecode.swift; path = Constants.swift; sourceTree = "<group>"; };
		70DC14E52099C61C008AEF74 /* Context.swift */ = {isa = PBXFileReference; lastKnownFileType = sourcecode.swift; path = Context.swift; sourceTree = "<group>"; };
		70DC14E72099C650008AEF74 /* Utils.swift */ = {isa = PBXFileReference; fileEncoding = 4; lastKnownFileType = sourcecode.swift; path = Utils.swift; sourceTree = "<group>"; };
		70DC14EC2099C69B008AEF74 /* ServerResponse.swift */ = {isa = PBXFileReference; fileEncoding = 4; lastKnownFileType = sourcecode.swift; path = ServerResponse.swift; sourceTree = "<group>"; };
		70DC14F02099C6E2008AEF74 /* CacheManager.swift */ = {isa = PBXFileReference; fileEncoding = 4; lastKnownFileType = sourcecode.swift; path = CacheManager.swift; sourceTree = "<group>"; };
		70DC14F22099C6E5008AEF74 /* AuthManager.swift */ = {isa = PBXFileReference; fileEncoding = 4; lastKnownFileType = sourcecode.swift; path = AuthManager.swift; sourceTree = "<group>"; };
		70DC14F52099C6FE008AEF74 /* UITextFieldExtension.swift */ = {isa = PBXFileReference; fileEncoding = 4; lastKnownFileType = sourcecode.swift; path = UITextFieldExtension.swift; sourceTree = "<group>"; };
		70DC14F62099C701008AEF74 /* IntExtension.swift */ = {isa = PBXFileReference; fileEncoding = 4; lastKnownFileType = sourcecode.swift; path = IntExtension.swift; sourceTree = "<group>"; };
		70DC14F72099C704008AEF74 /* UILabelExtension.swift */ = {isa = PBXFileReference; fileEncoding = 4; lastKnownFileType = sourcecode.swift; path = UILabelExtension.swift; sourceTree = "<group>"; };
		70DC14F82099C708008AEF74 /* DispatchQueueExtension.swift */ = {isa = PBXFileReference; fileEncoding = 4; lastKnownFileType = sourcecode.swift; path = DispatchQueueExtension.swift; sourceTree = "<group>"; };
		70DC14FA2099C70E008AEF74 /* NSTimeIntervalExtension.swift */ = {isa = PBXFileReference; fileEncoding = 4; lastKnownFileType = sourcecode.swift; path = NSTimeIntervalExtension.swift; sourceTree = "<group>"; };
		70DC14FB2099C711008AEF74 /* UIButtonExtension.swift */ = {isa = PBXFileReference; fileEncoding = 4; lastKnownFileType = sourcecode.swift; path = UIButtonExtension.swift; sourceTree = "<group>"; };
		70DC14FC2099C714008AEF74 /* NibLoadableViewExtension.swift */ = {isa = PBXFileReference; fileEncoding = 4; lastKnownFileType = sourcecode.swift; path = NibLoadableViewExtension.swift; sourceTree = "<group>"; };
		70DC14FD2099C718008AEF74 /* NSDateExtension.swift */ = {isa = PBXFileReference; fileEncoding = 4; lastKnownFileType = sourcecode.swift; path = NSDateExtension.swift; sourceTree = "<group>"; };
		70DC14FE2099C71B008AEF74 /* UIViewControllerExtension.swift */ = {isa = PBXFileReference; fileEncoding = 4; lastKnownFileType = sourcecode.swift; path = UIViewControllerExtension.swift; sourceTree = "<group>"; };
		70DC14FF2099C71E008AEF74 /* UIColorExtension.swift */ = {isa = PBXFileReference; fileEncoding = 4; lastKnownFileType = sourcecode.swift; path = UIColorExtension.swift; sourceTree = "<group>"; };
		70DC15002099C722008AEF74 /* StringExtension.swift */ = {isa = PBXFileReference; fileEncoding = 4; lastKnownFileType = sourcecode.swift; path = StringExtension.swift; sourceTree = "<group>"; };
		70DC15022099C728008AEF74 /* UITableViewExtension.swift */ = {isa = PBXFileReference; fileEncoding = 4; lastKnownFileType = sourcecode.swift; path = UITableViewExtension.swift; sourceTree = "<group>"; };
		70DC15032099C72C008AEF74 /* UIViewExtension.swift */ = {isa = PBXFileReference; fileEncoding = 4; lastKnownFileType = sourcecode.swift; path = UIViewExtension.swift; sourceTree = "<group>"; };
		70DC15042099C730008AEF74 /* UITextViewExtension.swift */ = {isa = PBXFileReference; fileEncoding = 4; lastKnownFileType = sourcecode.swift; path = UITextViewExtension.swift; sourceTree = "<group>"; };
/* End PBXFileReference section */

/* Begin PBXFrameworksBuildPhase section */
		70DC14C22099C2DA008AEF74 /* Frameworks */ = {
			isa = PBXFrameworksBuildPhase;
			buildActionMask = 2147483647;
			files = (
			);
			runOnlyForDeploymentPostprocessing = 0;
		};
/* End PBXFrameworksBuildPhase section */

/* Begin PBXGroup section */
		703F58D021A6B24B00414610 /* ViewControllers */ = {
			isa = PBXGroup;
			children = (
				703F58D121A6B26200414610 /* Login */,
				703F58DA21A6B7FD00414610 /* BaseViewController.swift */,
			);
			path = ViewControllers;
			sourceTree = "<group>";
		};
		703F58D121A6B26200414610 /* Login */ = {
			isa = PBXGroup;
			children = (
				703F58D221A6B28100414610 /* LoginViewController.swift */,
				703F58D321A6B28100414610 /* LoginViewController.xib */,
				703F58D621A6B48C00414610 /* LoginRouter.swift */,
				703F58D821A6B4AA00414610 /* LoginProtocols.swift */,
				703F58DC21A6B89600414610 /* LoginPresenter.swift */,
				703F58DE21A6B96E00414610 /* LoginIterector.swift */,
			);
			path = Login;
			sourceTree = "<group>";
		};
		70DC14BC2099C2DA008AEF74 = {
			isa = PBXGroup;
			children = (
				70DC14C72099C2DA008AEF74 /* TemplateWithoutAlamofire */,
				70DC14C62099C2DA008AEF74 /* Products */,
			);
			sourceTree = "<group>";
		};
		70DC14C62099C2DA008AEF74 /* Products */ = {
			isa = PBXGroup;
			children = (
				70DC14C52099C2DA008AEF74 /* TemplateWithoutAlamofire.app */,
			);
			name = Products;
			sourceTree = "<group>";
		};
		70DC14C72099C2DA008AEF74 /* TemplateWithoutAlamofire */ = {
			isa = PBXGroup;
			children = (
				703F58D021A6B24B00414610 /* ViewControllers */,
				70DC14F12099C6E5008AEF74 /* Extensions */,
				70DC14EF2099C6C8008AEF74 /* Managers */,
				70DC14EA2099C685008AEF74 /* Schema */,
				70DC14E92099C673008AEF74 /* UIComponent */,
				70DC14E62099C63B008AEF74 /* Utilities */,
				70DC14E42099C60E008AEF74 /* Context */,
				70DC14E12099C3FC008AEF74 /* Constants */,
				70DC14DA2099C2F3008AEF74 /* ServerAdapter */,
				70DC14C82099C2DA008AEF74 /* AppDelegate.swift */,
				70DC14CA2099C2DA008AEF74 /* ViewController.swift */,
				70DC14CC2099C2DA008AEF74 /* Main.storyboard */,
				70DC14CF2099C2DC008AEF74 /* Assets.xcassets */,
				70DC14D12099C2DC008AEF74 /* LaunchScreen.storyboard */,
				70DC14D42099C2DD008AEF74 /* Info.plist */,
			);
			path = TemplateWithoutAlamofire;
			sourceTree = "<group>";
		};
		70DC14DA2099C2F3008AEF74 /* ServerAdapter */ = {
			isa = PBXGroup;
			children = (
				70DC14DD2099C321008AEF74 /* APIClient.swift */,
				70DC14DB2099C321008AEF74 /* APIRequest.swift */,
				70DC14DC2099C321008AEF74 /* AuthRequest.swift */,
			);
			path = ServerAdapter;
			sourceTree = "<group>";
		};
		70DC14E12099C3FC008AEF74 /* Constants */ = {
			isa = PBXGroup;
			children = (
				70DC14E22099C40D008AEF74 /* Constants.swift */,
			);
			path = Constants;
			sourceTree = "<group>";
		};
		70DC14E42099C60E008AEF74 /* Context */ = {
			isa = PBXGroup;
			children = (
				70DC14E52099C61C008AEF74 /* Context.swift */,
			);
			path = Context;
			sourceTree = "<group>";
		};
		70DC14E62099C63B008AEF74 /* Utilities */ = {
			isa = PBXGroup;
			children = (
				70DC14E72099C650008AEF74 /* Utils.swift */,
			);
			path = Utilities;
			sourceTree = "<group>";
		};
		70DC14E92099C673008AEF74 /* UIComponent */ = {
			isa = PBXGroup;
			children = (
			);
			path = UIComponent;
			sourceTree = "<group>";
		};
		70DC14EA2099C685008AEF74 /* Schema */ = {
			isa = PBXGroup;
			children = (
				70DC14EC2099C69B008AEF74 /* ServerResponse.swift */,
			);
			path = Schema;
			sourceTree = "<group>";
		};
		70DC14EF2099C6C8008AEF74 /* Managers */ = {
			isa = PBXGroup;
			children = (
				70DC14F22099C6E5008AEF74 /* AuthManager.swift */,
				70DC14F02099C6E2008AEF74 /* CacheManager.swift */,
			);
			path = Managers;
			sourceTree = "<group>";
		};
		70DC14F12099C6E5008AEF74 /* Extensions */ = {
			isa = PBXGroup;
			children = (
				70DC14F82099C708008AEF74 /* DispatchQueueExtension.swift */,
				70DC14F62099C701008AEF74 /* IntExtension.swift */,
				70DC14FC2099C714008AEF74 /* NibLoadableViewExtension.swift */,
				70DC14FD2099C718008AEF74 /* NSDateExtension.swift */,
				70DC14FA2099C70E008AEF74 /* NSTimeIntervalExtension.swift */,
				70DC15002099C722008AEF74 /* StringExtension.swift */,
				70DC14FB2099C711008AEF74 /* UIButtonExtension.swift */,
				70DC14FF2099C71E008AEF74 /* UIColorExtension.swift */,
				70DC14F72099C704008AEF74 /* UILabelExtension.swift */,
				70DC15022099C728008AEF74 /* UITableViewExtension.swift */,
				70DC14F52099C6FE008AEF74 /* UITextFieldExtension.swift */,
				70DC15042099C730008AEF74 /* UITextViewExtension.swift */,
				70DC14FE2099C71B008AEF74 /* UIViewControllerExtension.swift */,
				70DC15032099C72C008AEF74 /* UIViewExtension.swift */,
			);
			name = Extensions;
			path = Extension;
			sourceTree = "<group>";
		};
/* End PBXGroup section */

/* Begin PBXNativeTarget section */
		70DC14C42099C2DA008AEF74 /* TemplateWithoutAlamofire */ = {
			isa = PBXNativeTarget;
			buildConfigurationList = 70DC14D72099C2DD008AEF74 /* Build configuration list for PBXNativeTarget "TemplateWithoutAlamofire" */;
			buildPhases = (
				70DC14C12099C2DA008AEF74 /* Sources */,
				70DC14C22099C2DA008AEF74 /* Frameworks */,
				70DC14C32099C2DA008AEF74 /* Resources */,
			);
			buildRules = (
			);
			dependencies = (
			);
			name = TemplateWithoutAlamofire;
			productName = TemplateWithoutAlamofire;
			productReference = 70DC14C52099C2DA008AEF74 /* TemplateWithoutAlamofire.app */;
			productType = "com.apple.product-type.application";
		};
/* End PBXNativeTarget section */

/* Begin PBXProject section */
		70DC14BD2099C2DA008AEF74 /* Project object */ = {
			isa = PBXProject;
			attributes = {
				LastSwiftUpdateCheck = 0930;
				LastUpgradeCheck = 0930;
				ORGANIZATIONNAME = ThanhBV;
				TargetAttributes = {
					70DC14C42099C2DA008AEF74 = {
						CreatedOnToolsVersion = 9.3;
					};
				};
			};
			buildConfigurationList = 70DC14C02099C2DA008AEF74 /* Build configuration list for PBXProject "TemplateWithoutAlamofire" */;
			compatibilityVersion = "Xcode 9.3";
			developmentRegion = en;
			hasScannedForEncodings = 0;
			knownRegions = (
				en,
				Base,
			);
			mainGroup = 70DC14BC2099C2DA008AEF74;
			productRefGroup = 70DC14C62099C2DA008AEF74 /* Products */;
			projectDirPath = "";
			projectRoot = "";
			targets = (
				70DC14C42099C2DA008AEF74 /* TemplateWithoutAlamofire */,
			);
		};
/* End PBXProject section */

/* Begin PBXResourcesBuildPhase section */
		70DC14C32099C2DA008AEF74 /* Resources */ = {
			isa = PBXResourcesBuildPhase;
			buildActionMask = 2147483647;
			files = (
				703F58D521A6B28100414610 /* LoginViewController.xib in Resources */,
				70DC14D32099C2DC008AEF74 /* LaunchScreen.storyboard in Resources */,
				70DC14D02099C2DC008AEF74 /* Assets.xcassets in Resources */,
				70DC14CE2099C2DA008AEF74 /* Main.storyboard in Resources */,
			);
			runOnlyForDeploymentPostprocessing = 0;
		};
/* End PBXResourcesBuildPhase section */

/* Begin PBXSourcesBuildPhase section */
		70DC14C12099C2DA008AEF74 /* Sources */ = {
			isa = PBXSourcesBuildPhase;
			buildActionMask = 2147483647;
			files = (
				703F58D921A6B4AA00414610 /* LoginProtocols.swift in Sources */,
				70DC14CB2099C2DA008AEF74 /* ViewController.swift in Sources */,
				70DC15052099C730008AEF74 /* UITextFieldExtension.swift in Sources */,
				70DC15082099C730008AEF74 /* DispatchQueueExtension.swift in Sources */,
				70DC14DE2099C322008AEF74 /* APIRequest.swift in Sources */,
				703F58DD21A6B89600414610 /* LoginPresenter.swift in Sources */,
				703F58DB21A6B7FD00414610 /* BaseViewController.swift in Sources */,
				70DC150E2099C730008AEF74 /* UIViewControllerExtension.swift in Sources */,
				70DC150B2099C730008AEF74 /* UIButtonExtension.swift in Sources */,
				70DC14C92099C2DA008AEF74 /* AppDelegate.swift in Sources */,
				70DC15072099C730008AEF74 /* UILabelExtension.swift in Sources */,
				70DC14E82099C651008AEF74 /* Utils.swift in Sources */,
				70DC14EE2099C69B008AEF74 /* ServerResponse.swift in Sources */,
				70DC15122099C730008AEF74 /* UITableViewExtension.swift in Sources */,
				70DC14E02099C322008AEF74 /* APIClient.swift in Sources */,
				70DC150A2099C730008AEF74 /* NSTimeIntervalExtension.swift in Sources */,
				703F58D421A6B28100414610 /* LoginViewController.swift in Sources */,
				70DC15062099C730008AEF74 /* IntExtension.swift in Sources */,
				70DC14F32099C6E5008AEF74 /* CacheManager.swift in Sources */,
				70DC14DF2099C322008AEF74 /* AuthRequest.swift in Sources */,
				70DC150C2099C730008AEF74 /* NibLoadableViewExtension.swift in Sources */,
				70DC150D2099C730008AEF74 /* NSDateExtension.swift in Sources */,
				70DC14F42099C6E5008AEF74 /* AuthManager.swift in Sources */,
				70DC150F2099C730008AEF74 /* UIColorExtension.swift in Sources */,
				70DC15132099C730008AEF74 /* UIViewExtension.swift in Sources */,
				703F58DF21A6B96E00414610 /* LoginIterector.swift in Sources */,
				70DC14E32099C40D008AEF74 /* Constants.swift in Sources */,
				70DC15142099C730008AEF74 /* UITextViewExtension.swift in Sources */,
				703F58D721A6B48C00414610 /* LoginRouter.swift in Sources */,
				70DC15102099C730008AEF74 /* StringExtension.swift in Sources */,
			);
			runOnlyForDeploymentPostprocessing = 0;
		};
/* End PBXSourcesBuildPhase section */

/* Begin PBXVariantGroup section */
		70DC14CC2099C2DA008AEF74 /* Main.storyboard */ = {
			isa = PBXVariantGroup;
			children = (
				70DC14CD2099C2DA008AEF74 /* Base */,
			);
			name = Main.storyboard;
			sourceTree = "<group>";
		};
		70DC14D12099C2DC008AEF74 /* LaunchScreen.storyboard */ = {
			isa = PBXVariantGroup;
			children = (
				70DC14D22099C2DC008AEF74 /* Base */,
			);
			name = LaunchScreen.storyboard;
			sourceTree = "<group>";
		};
/* End PBXVariantGroup section */

/* Begin XCBuildConfiguration section */
		70DC14D52099C2DD008AEF74 /* Debug */ = {
			isa = XCBuildConfiguration;
			buildSettings = {
				ALWAYS_SEARCH_USER_PATHS = NO;
				CLANG_ANALYZER_NONNULL = YES;
				CLANG_ANALYZER_NUMBER_OBJECT_CONVERSION = YES_AGGRESSIVE;
				CLANG_CXX_LANGUAGE_STANDARD = "gnu++14";
				CLANG_CXX_LIBRARY = "libc++";
				CLANG_ENABLE_MODULES = YES;
				CLANG_ENABLE_OBJC_ARC = YES;
				CLANG_ENABLE_OBJC_WEAK = YES;
				CLANG_WARN_BLOCK_CAPTURE_AUTORELEASING = YES;
				CLANG_WARN_BOOL_CONVERSION = YES;
				CLANG_WARN_COMMA = YES;
				CLANG_WARN_CONSTANT_CONVERSION = YES;
				CLANG_WARN_DEPRECATED_OBJC_IMPLEMENTATIONS = YES;
				CLANG_WARN_DIRECT_OBJC_ISA_USAGE = YES_ERROR;
				CLANG_WARN_DOCUMENTATION_COMMENTS = YES;
				CLANG_WARN_EMPTY_BODY = YES;
				CLANG_WARN_ENUM_CONVERSION = YES;
				CLANG_WARN_INFINITE_RECURSION = YES;
				CLANG_WARN_INT_CONVERSION = YES;
				CLANG_WARN_NON_LITERAL_NULL_CONVERSION = YES;
				CLANG_WARN_OBJC_IMPLICIT_RETAIN_SELF = YES;
				CLANG_WARN_OBJC_LITERAL_CONVERSION = YES;
				CLANG_WARN_OBJC_ROOT_CLASS = YES_ERROR;
				CLANG_WARN_RANGE_LOOP_ANALYSIS = YES;
				CLANG_WARN_STRICT_PROTOTYPES = YES;
				CLANG_WARN_SUSPICIOUS_MOVE = YES;
				CLANG_WARN_UNGUARDED_AVAILABILITY = YES_AGGRESSIVE;
				CLANG_WARN_UNREACHABLE_CODE = YES;
				CLANG_WARN__DUPLICATE_METHOD_MATCH = YES;
				CODE_SIGN_IDENTITY = "iPhone Developer";
				COPY_PHASE_STRIP = NO;
				DEBUG_INFORMATION_FORMAT = dwarf;
				ENABLE_STRICT_OBJC_MSGSEND = YES;
				ENABLE_TESTABILITY = YES;
				GCC_C_LANGUAGE_STANDARD = gnu11;
				GCC_DYNAMIC_NO_PIC = NO;
				GCC_NO_COMMON_BLOCKS = YES;
				GCC_OPTIMIZATION_LEVEL = 0;
				GCC_PREPROCESSOR_DEFINITIONS = (
					"DEBUG=1",
					"$(inherited)",
				);
				GCC_WARN_64_TO_32_BIT_CONVERSION = YES;
				GCC_WARN_ABOUT_RETURN_TYPE = YES_ERROR;
				GCC_WARN_UNDECLARED_SELECTOR = YES;
				GCC_WARN_UNINITIALIZED_AUTOS = YES_AGGRESSIVE;
				GCC_WARN_UNUSED_FUNCTION = YES;
				GCC_WARN_UNUSED_VARIABLE = YES;
				IPHONEOS_DEPLOYMENT_TARGET = 11.3;
				MTL_ENABLE_DEBUG_INFO = YES;
				ONLY_ACTIVE_ARCH = YES;
				SDKROOT = iphoneos;
				SWIFT_ACTIVE_COMPILATION_CONDITIONS = DEBUG;
				SWIFT_OPTIMIZATION_LEVEL = "-Onone";
			};
			name = Debug;
		};
		70DC14D62099C2DD008AEF74 /* Release */ = {
			isa = XCBuildConfiguration;
			buildSettings = {
				ALWAYS_SEARCH_USER_PATHS = NO;
				CLANG_ANALYZER_NONNULL = YES;
				CLANG_ANALYZER_NUMBER_OBJECT_CONVERSION = YES_AGGRESSIVE;
				CLANG_CXX_LANGUAGE_STANDARD = "gnu++14";
				CLANG_CXX_LIBRARY = "libc++";
				CLANG_ENABLE_MODULES = YES;
				CLANG_ENABLE_OBJC_ARC = YES;
				CLANG_ENABLE_OBJC_WEAK = YES;
				CLANG_WARN_BLOCK_CAPTURE_AUTORELEASING = YES;
				CLANG_WARN_BOOL_CONVERSION = YES;
				CLANG_WARN_COMMA = YES;
				CLANG_WARN_CONSTANT_CONVERSION = YES;
				CLANG_WARN_DEPRECATED_OBJC_IMPLEMENTATIONS = YES;
				CLANG_WARN_DIRECT_OBJC_ISA_USAGE = YES_ERROR;
				CLANG_WARN_DOCUMENTATION_COMMENTS = YES;
				CLANG_WARN_EMPTY_BODY = YES;
				CLANG_WARN_ENUM_CONVERSION = YES;
				CLANG_WARN_INFINITE_RECURSION = YES;
				CLANG_WARN_INT_CONVERSION = YES;
				CLANG_WARN_NON_LITERAL_NULL_CONVERSION = YES;
				CLANG_WARN_OBJC_IMPLICIT_RETAIN_SELF = YES;
				CLANG_WARN_OBJC_LITERAL_CONVERSION = YES;
				CLANG_WARN_OBJC_ROOT_CLASS = YES_ERROR;
				CLANG_WARN_RANGE_LOOP_ANALYSIS = YES;
				CLANG_WARN_STRICT_PROTOTYPES = YES;
				CLANG_WARN_SUSPICIOUS_MOVE = YES;
				CLANG_WARN_UNGUARDED_AVAILABILITY = YES_AGGRESSIVE;
				CLANG_WARN_UNREACHABLE_CODE = YES;
				CLANG_WARN__DUPLICATE_METHOD_MATCH = YES;
				CODE_SIGN_IDENTITY = "iPhone Developer";
				COPY_PHASE_STRIP = NO;
				DEBUG_INFORMATION_FORMAT = "dwarf-with-dsym";
				ENABLE_NS_ASSERTIONS = NO;
				ENABLE_STRICT_OBJC_MSGSEND = YES;
				GCC_C_LANGUAGE_STANDARD = gnu11;
				GCC_NO_COMMON_BLOCKS = YES;
				GCC_WARN_64_TO_32_BIT_CONVERSION = YES;
				GCC_WARN_ABOUT_RETURN_TYPE = YES_ERROR;
				GCC_WARN_UNDECLARED_SELECTOR = YES;
				GCC_WARN_UNINITIALIZED_AUTOS = YES_AGGRESSIVE;
				GCC_WARN_UNUSED_FUNCTION = YES;
				GCC_WARN_UNUSED_VARIABLE = YES;
				IPHONEOS_DEPLOYMENT_TARGET = 11.3;
				MTL_ENABLE_DEBUG_INFO = NO;
				SDKROOT = iphoneos;
				SWIFT_COMPILATION_MODE = wholemodule;
				SWIFT_OPTIMIZATION_LEVEL = "-O";
				VALIDATE_PRODUCT = YES;
			};
			name = Release;
		};
		70DC14D82099C2DD008AEF74 /* Debug */ = {
			isa = XCBuildConfiguration;
			buildSettings = {
				ASSETCATALOG_COMPILER_APPICON_NAME = AppIcon;
				CODE_SIGN_STYLE = Automatic;
				INFOPLIST_FILE = TemplateWithoutAlamofire/Info.plist;
				LD_RUNPATH_SEARCH_PATHS = (
					"$(inherited)",
					"@executable_path/Frameworks",
				);
				OTHER_CFLAGS = "";
				OTHER_SWIFT_FLAGS = "-DTEMPLATE_PLATFORM_TESTING";
				PRODUCT_BUNDLE_IDENTIFIER = other.TemplateWithoutAlamofire;
				PRODUCT_NAME = "$(TARGET_NAME)";
				SWIFT_VERSION = 4.0;
				TARGETED_DEVICE_FAMILY = "1,2";
			};
			name = Debug;
		};
		70DC14D92099C2DD008AEF74 /* Release */ = {
			isa = XCBuildConfiguration;
			buildSettings = {
				ASSETCATALOG_COMPILER_APPICON_NAME = AppIcon;
				CODE_SIGN_STYLE = Automatic;
				INFOPLIST_FILE = TemplateWithoutAlamofire/Info.plist;
				LD_RUNPATH_SEARCH_PATHS = (
					"$(inherited)",
					"@executable_path/Frameworks",
				);
				OTHER_CFLAGS = "";
				OTHER_SWIFT_FLAGS = "-DTEMPLATE_PLATFORM_TESTING";
				PRODUCT_BUNDLE_IDENTIFIER = other.TemplateWithoutAlamofire;
				PRODUCT_NAME = "$(TARGET_NAME)";
				SWIFT_VERSION = 4.0;
				TARGETED_DEVICE_FAMILY = "1,2";
			};
			name = Release;
		};
/* End XCBuildConfiguration section */

/* Begin XCConfigurationList section */
		70DC14C02099C2DA008AEF74 /* Build configuration list for PBXProject "TemplateWithoutAlamofire" */ = {
			isa = XCConfigurationList;
			buildConfigurations = (
				70DC14D52099C2DD008AEF74 /* Debug */,
				70DC14D62099C2DD008AEF74 /* Release */,
			);
			defaultConfigurationIsVisible = 0;
			defaultConfigurationName = Release;
		};
		70DC14D72099C2DD008AEF74 /* Build configuration list for PBXNativeTarget "TemplateWithoutAlamofire" */ = {
			isa = XCConfigurationList;
			buildConfigurations = (
				70DC14D82099C2DD008AEF74 /* Debug */,
				70DC14D92099C2DD008AEF74 /* Release */,
			);
			defaultConfigurationIsVisible = 0;
			defaultConfigurationName = Release;
		};
/* End XCConfigurationList section */
	};
	rootObject = 70DC14BD2099C2DA008AEF74 /* Project object */;
}
